
Microsoft Visual Studio Solution File, Format Version 12.00
# Visual Studio Version 17
VisualStudioVersion = 17.9.34622.214
MinimumVisualStudioVersion = 10.0.40219.1
Project("{FAE04EC0-301F-11D3-BF4B-00C04F79EFBC}") = "Codepulse.API", "Codepulse.API\Codepulse.API.csproj", "{494F5C81-6691-4721-AE2F-A3F6E8438823}"
EndProject
Global
	GlobalSection(SolutionConfigurationPlatforms) = preSolution
		Debug|Any CPU = Debug|Any CPU
		Release|Any CPU = Release|Any CPU
	EndGlobalSection
	GlobalSection(ProjectConfigurationPlatforms) = postSolution
		{494F5C81-6691-4721-AE2F-A3F6E8438823}.Debug|Any CPU.ActiveCfg = Debug|Any CPU
		{494F5C81-6691-4721-AE2F-A3F6E8438823}.Debug|Any CPU.Build.0 = Debug|Any CPU
		{494F5C81-6691-4721-AE2F-A3F6E8438823}.Release|Any CPU.ActiveCfg = Release|Any CPU
		{494F5C81-6691-4721-AE2F-A3F6E8438823}.Release|Any CPU.Build.0 = Release|Any CPU
	EndGlobalSection
	GlobalSection(SolutionProperties) = preSolution
		HideSolutionNode = FALSE
	EndGlobalSection
	GlobalSection(ExtensibilityGlobals) = postSolution
		SolutionGuid = {EA284327-1EAA-45E5-9A84-607C5D28E5B8}
	EndGlobalSection
EndGlobal
